
Microsoft Visual Studio Solution File, Format Version 12.00
# Visual Studio Version 17
VisualStudioVersion = 17.2.32602.215
MinimumVisualStudioVersion = 10.0.40219.1
Project("{F2A71F9B-5D33-465A-A702-920D77279786}") = "FirstConsoleApp", "FirstConsoleApp\FirstConsoleApp.fsproj", "{46716E58-B2F6-44D7-90E1-E5E71900DC31}"
EndProject
Global
	GlobalSection(SolutionConfigurationPlatforms) = preSolution
		Debug|Any CPU = Debug|Any CPU
		Release|Any CPU = Release|Any CPU
	EndGlobalSection
	GlobalSection(ProjectConfigurationPlatforms) = postSolution
		{46716E58-B2F6-44D7-90E1-E5E71900DC31}.Debug|Any CPU.ActiveCfg = Debug|Any CPU
		{46716E58-B2F6-44D7-90E1-E5E71900DC31}.Debug|Any CPU.Build.0 = Debug|Any CPU
		{46716E58-B2F6-44D7-90E1-E5E71900DC31}.Release|Any CPU.ActiveCfg = Release|Any CPU
		{46716E58-B2F6-44D7-90E1-E5E71900DC31}.Release|Any CPU.Build.0 = Release|Any CPU
	EndGlobalSection
	GlobalSection(SolutionProperties) = preSolution
		HideSolutionNode = FALSE
	EndGlobalSection
	GlobalSection(ExtensibilityGlobals) = postSolution
		SolutionGuid = {A3F4F649-A63B-438E-8780-F9E42AE99E2D}
	EndGlobalSection
EndGlobal
